
Microsoft Visual Studio Solution File, Format Version 12.00
# Visual Studio Version 16
VisualStudioVersion = 16.0.30406.217
MinimumVisualStudioVersion = 10.0.40219.1
Project("{FAE04EC0-301F-11D3-BF4B-00C04F79EFBC}") = "APPTOTAL", "apptotal\APPTOTAL.csproj", "{3371CCFA-5411-4282-A298-FD6FEEBEAB66}"
EndProject
Project("{FAE04EC0-301F-11D3-BF4B-00C04F79EFBC}") = "BASE", "BASE\BASE.csproj", "{B0959CC9-2FD4-43C7-A864-1D09597EDF72}"
EndProject
Project("{FAE04EC0-301F-11D3-BF4B-00C04F79EFBC}") = "DAL", "DAL\DAL.csproj", "{DA6EDA66-1566-4B26-BC4B-07A18E652C53}"
EndProject
Global
	GlobalSection(SolutionConfigurationPlatforms) = preSolution
		Debug|Any CPU = Debug|Any CPU
		Release|Any CPU = Release|Any CPU
	EndGlobalSection
	GlobalSection(ProjectConfigurationPlatforms) = postSolution
		{3371CCFA-5411-4282-A298-FD6FEEBEAB66}.Debug|Any CPU.ActiveCfg = Debug|Any CPU
		{3371CCFA-5411-4282-A298-FD6FEEBEAB66}.Debug|Any CPU.Build.0 = Debug|Any CPU
		{3371CCFA-5411-4282-A298-FD6FEEBEAB66}.Release|Any CPU.ActiveCfg = Release|Any CPU
		{3371CCFA-5411-4282-A298-FD6FEEBEAB66}.Release|Any CPU.Build.0 = Release|Any CPU
		{B0959CC9-2FD4-43C7-A864-1D09597EDF72}.Debug|Any CPU.ActiveCfg = Debug|Any CPU
		{B0959CC9-2FD4-43C7-A864-1D09597EDF72}.Debug|Any CPU.Build.0 = Debug|Any CPU
		{B0959CC9-2FD4-43C7-A864-1D09597EDF72}.Release|Any CPU.ActiveCfg = Release|Any CPU
		{B0959CC9-2FD4-43C7-A864-1D09597EDF72}.Release|Any CPU.Build.0 = Release|Any CPU
		{DA6EDA66-1566-4B26-BC4B-07A18E652C53}.Debug|Any CPU.ActiveCfg = Debug|Any CPU
		{DA6EDA66-1566-4B26-BC4B-07A18E652C53}.Debug|Any CPU.Build.0 = Debug|Any CPU
		{DA6EDA66-1566-4B26-BC4B-07A18E652C53}.Release|Any CPU.ActiveCfg = Release|Any CPU
		{DA6EDA66-1566-4B26-BC4B-07A18E652C53}.Release|Any CPU.Build.0 = Release|Any CPU
	EndGlobalSection
	GlobalSection(SolutionProperties) = preSolution
		HideSolutionNode = FALSE
	EndGlobalSection
	GlobalSection(ExtensibilityGlobals) = postSolution
		SolutionGuid = {B151D2C7-9707-4BB5-BD19-E15B44AEA657}
	EndGlobalSection
EndGlobal
